
Microsoft Visual Studio Solution File, Format Version 12.00
# Visual Studio Version 17
VisualStudioVersion = 17.13.35931.197 d17.13
MinimumVisualStudioVersion = 10.0.40219.1
Project("{FAE04EC0-301F-11D3-BF4B-00C04F79EFBC}") = "WizardsServer", "WizardsServer.csproj", "{4867B308-082F-4270-828C-872937DECFB0}"
EndProject
Global
	GlobalSection(SolutionConfigurationPlatforms) = preSolution
		Debug|Any CPU = Debug|Any CPU
		Release|Any CPU = Release|Any CPU
	EndGlobalSection
	GlobalSection(ProjectConfigurationPlatforms) = postSolution
		{4867B308-082F-4270-828C-872937DECFB0}.Debug|Any CPU.ActiveCfg = Debug|Any CPU
		{4867B308-082F-4270-828C-872937DECFB0}.Debug|Any CPU.Build.0 = Debug|Any CPU
		{4867B308-082F-4270-828C-872937DECFB0}.Release|Any CPU.ActiveCfg = Release|Any CPU
		{4867B308-082F-4270-828C-872937DECFB0}.Release|Any CPU.Build.0 = Release|Any CPU
	EndGlobalSection
	GlobalSection(SolutionProperties) = preSolution
		HideSolutionNode = FALSE
	EndGlobalSection
	GlobalSection(ExtensibilityGlobals) = postSolution
		SolutionGuid = {348127A4-CEFF-4C32-ACAE-23BF9E357E07}
	EndGlobalSection
EndGlobal
